
Microsoft Visual Studio Solution File, Format Version 12.00
# Visual Studio Version 16
VisualStudioVersion = 16.0.30503.244
MinimumVisualStudioVersion = 10.0.40219.1
Project("{FAE04EC0-301F-11D3-BF4B-00C04F79EFBC}") = "ContactsAppUI", "ContactsAppUI\ContactsAppUI.csproj", "{8CC7D53E-6E5F-4454-8027-2878C49D7CD1}"
EndProject
Project("{FAE04EC0-301F-11D3-BF4B-00C04F79EFBC}") = "ContactsApp", "ContactsApp\ContactsApp.csproj", "{4941E80E-642F-4DFA-A46D-D60F4DDBF591}"
EndProject
Global
	GlobalSection(SolutionConfigurationPlatforms) = preSolution
		Debug|Any CPU = Debug|Any CPU
		Release|Any CPU = Release|Any CPU
	EndGlobalSection
	GlobalSection(ProjectConfigurationPlatforms) = postSolution
		{8CC7D53E-6E5F-4454-8027-2878C49D7CD1}.Debug|Any CPU.ActiveCfg = Debug|Any CPU
		{8CC7D53E-6E5F-4454-8027-2878C49D7CD1}.Debug|Any CPU.Build.0 = Debug|Any CPU
		{8CC7D53E-6E5F-4454-8027-2878C49D7CD1}.Release|Any CPU.ActiveCfg = Release|Any CPU
		{8CC7D53E-6E5F-4454-8027-2878C49D7CD1}.Release|Any CPU.Build.0 = Release|Any CPU
		{4941E80E-642F-4DFA-A46D-D60F4DDBF591}.Debug|Any CPU.ActiveCfg = Debug|Any CPU
		{4941E80E-642F-4DFA-A46D-D60F4DDBF591}.Debug|Any CPU.Build.0 = Debug|Any CPU
		{4941E80E-642F-4DFA-A46D-D60F4DDBF591}.Release|Any CPU.ActiveCfg = Release|Any CPU
		{4941E80E-642F-4DFA-A46D-D60F4DDBF591}.Release|Any CPU.Build.0 = Release|Any CPU
	EndGlobalSection
	GlobalSection(SolutionProperties) = preSolution
		HideSolutionNode = FALSE
	EndGlobalSection
	GlobalSection(ExtensibilityGlobals) = postSolution
		SolutionGuid = {A3F3BC53-76B1-4F39-B442-538E86CFDDCF}
	EndGlobalSection
EndGlobal
