
Microsoft Visual Studio Solution File, Format Version 12.00
# Visual Studio Version 16
VisualStudioVersion = 16.0.30503.244
MinimumVisualStudioVersion = 10.0.40219.1
Project("{FAE04EC0-301F-11D3-BF4B-00C04F79EFBC}") = "ContactsAppUI", "ContactsAppUI\ContactsAppUI.csproj", "{8CC7D53E-6E5F-4454-8027-2878C49D7CD1}"
EndProject
Project("{FAE04EC0-301F-11D3-BF4B-00C04F79EFBC}") = "ContactsApp", "ContactsApp\ContactsApp.csproj", "{4941E80E-642F-4DFA-A46D-D60F4DDBF591}"
EndProject
Project("{FAE04EC0-301F-11D3-BF4B-00C04F79EFBC}") = "ContactsApp.UnitTests", "ContactsApp.UnitTests\ContactsApp.UnitTests.csproj", "{D5C3DE93-5E20-4F19-ACD0-70A8A3AF33E4}"
EndProject
Project("{2150E333-8FDC-42A3-9474-1A3956D46DE8}") = "Testing", "Testing", "{24E98C8E-EE41-4A00-9E22-616AB53231C6}"
EndProject
Project("{FAE04EC0-301F-11D3-BF4B-00C04F79EFBC}") = "Installer", "Installer\Installer.csproj", "{A8FF63BC-E827-45AD-8327-CC46B367F3B2}"
EndProject
Global
	GlobalSection(SolutionConfigurationPlatforms) = preSolution
		Debug|Any CPU = Debug|Any CPU
		Release|Any CPU = Release|Any CPU
	EndGlobalSection
	GlobalSection(ProjectConfigurationPlatforms) = postSolution
		{8CC7D53E-6E5F-4454-8027-2878C49D7CD1}.Debug|Any CPU.ActiveCfg = Debug|Any CPU
		{8CC7D53E-6E5F-4454-8027-2878C49D7CD1}.Debug|Any CPU.Build.0 = Debug|Any CPU
		{8CC7D53E-6E5F-4454-8027-2878C49D7CD1}.Release|Any CPU.ActiveCfg = Release|Any CPU
		{8CC7D53E-6E5F-4454-8027-2878C49D7CD1}.Release|Any CPU.Build.0 = Release|Any CPU
		{4941E80E-642F-4DFA-A46D-D60F4DDBF591}.Debug|Any CPU.ActiveCfg = Debug|Any CPU
		{4941E80E-642F-4DFA-A46D-D60F4DDBF591}.Debug|Any CPU.Build.0 = Debug|Any CPU
		{4941E80E-642F-4DFA-A46D-D60F4DDBF591}.Release|Any CPU.ActiveCfg = Release|Any CPU
		{4941E80E-642F-4DFA-A46D-D60F4DDBF591}.Release|Any CPU.Build.0 = Release|Any CPU
		{D5C3DE93-5E20-4F19-ACD0-70A8A3AF33E4}.Debug|Any CPU.ActiveCfg = Debug|Any CPU
		{D5C3DE93-5E20-4F19-ACD0-70A8A3AF33E4}.Debug|Any CPU.Build.0 = Debug|Any CPU
		{D5C3DE93-5E20-4F19-ACD0-70A8A3AF33E4}.Release|Any CPU.ActiveCfg = Release|Any CPU
		{D5C3DE93-5E20-4F19-ACD0-70A8A3AF33E4}.Release|Any CPU.Build.0 = Release|Any CPU
		{A8FF63BC-E827-45AD-8327-CC46B367F3B2}.Debug|Any CPU.ActiveCfg = Debug|Any CPU
		{A8FF63BC-E827-45AD-8327-CC46B367F3B2}.Debug|Any CPU.Build.0 = Debug|Any CPU
		{A8FF63BC-E827-45AD-8327-CC46B367F3B2}.Release|Any CPU.ActiveCfg = Release|Any CPU
		{A8FF63BC-E827-45AD-8327-CC46B367F3B2}.Release|Any CPU.Build.0 = Release|Any CPU
	EndGlobalSection
	GlobalSection(SolutionProperties) = preSolution
		HideSolutionNode = FALSE
	EndGlobalSection
	GlobalSection(NestedProjects) = preSolution
		{D5C3DE93-5E20-4F19-ACD0-70A8A3AF33E4} = {24E98C8E-EE41-4A00-9E22-616AB53231C6}
	EndGlobalSection
	GlobalSection(ExtensibilityGlobals) = postSolution
		SolutionGuid = {A3F3BC53-76B1-4F39-B442-538E86CFDDCF}
	EndGlobalSection
EndGlobal
